// !$*UTF8*$!
{
	archiveVersion = 1;
	classes = {
	};
	objectVersion = 55;
	objects = {

/* Begin PBXBuildFile section */
		7C704A6E27547404008F9368 /* PlaySound.swift in Sources */ = {isa = PBXBuildFile; fileRef = 7C704A6D27547404008F9368 /* PlaySound.swift */; };
		7C704A7627547737008F9368 /* MusicHelper.swift in Sources */ = {isa = PBXBuildFile; fileRef = 7C704A7527547737008F9368 /* MusicHelper.swift */; };
		A680520A275170C8007E94B8 /* RulesViewController.swift in Sources */ = {isa = PBXBuildFile; fileRef = A6805209275170C8007E94B8 /* RulesViewController.swift */; };
		A680520C27518600007E94B8 /* SettingsViewController.swift in Sources */ = {isa = PBXBuildFile; fileRef = A680520B27518600007E94B8 /* SettingsViewController.swift */; };
		A680521027573EB6007E94B8 /* waves.mp3 in Resources */ = {isa = PBXBuildFile; fileRef = A680520F27573EB6007E94B8 /* waves.mp3 */; };
		A680521227573EBC007E94B8 /* Shake.wav in Resources */ = {isa = PBXBuildFile; fileRef = A680521127573EBC007E94B8 /* Shake.wav */; };
		A680521427573ECB007E94B8 /* Loot.mp3 in Resources */ = {isa = PBXBuildFile; fileRef = A680521327573ECB007E94B8 /* Loot.mp3 */; };
		EF5E32B02755DEBF0072ABAB /* click.wav in Resources */ = {isa = PBXBuildFile; fileRef = EF5E32AA2755DEBF0072ABAB /* click.wav */; };
		EF5E32B32755DEBF0072ABAB /* pirateJig1.mp3 in Resources */ = {isa = PBXBuildFile; fileRef = EF5E32AD2755DEBF0072ABAB /* pirateJig1.mp3 */; };
		EFF11DF1274E9C69006169FE /* AppDelegate.swift in Sources */ = {isa = PBXBuildFile; fileRef = EFF11DF0274E9C69006169FE /* AppDelegate.swift */; };
		EFF11DF3274E9C69006169FE /* SceneDelegate.swift in Sources */ = {isa = PBXBuildFile; fileRef = EFF11DF2274E9C69006169FE /* SceneDelegate.swift */; };
		EFF11DF5274E9C69006169FE /* ViewController.swift in Sources */ = {isa = PBXBuildFile; fileRef = EFF11DF4274E9C69006169FE /* ViewController.swift */; };
		EFF11DF8274E9C69006169FE /* Main.storyboard in Resources */ = {isa = PBXBuildFile; fileRef = EFF11DF6274E9C69006169FE /* Main.storyboard */; };
		EFF11DFD274E9C6A006169FE /* LaunchScreen.storyboard in Resources */ = {isa = PBXBuildFile; fileRef = EFF11DFB274E9C6A006169FE /* LaunchScreen.storyboard */; };
		EFF11E08274E9C6A006169FE /* DubloonTests.swift in Sources */ = {isa = PBXBuildFile; fileRef = EFF11E07274E9C6A006169FE /* DubloonTests.swift */; };
		EFF11E12274E9C6A006169FE /* DubloonUITests.swift in Sources */ = {isa = PBXBuildFile; fileRef = EFF11E11274E9C6A006169FE /* DubloonUITests.swift */; };
		EFF11E14274E9C6A006169FE /* DubloonUITestsLaunchTests.swift in Sources */ = {isa = PBXBuildFile; fileRef = EFF11E13274E9C6A006169FE /* DubloonUITestsLaunchTests.swift */; };
		EFF11E21274EB711006169FE /* OppSelectViewController.swift in Sources */ = {isa = PBXBuildFile; fileRef = EFF11E20274EB711006169FE /* OppSelectViewController.swift */; };
		EFF11E25274EC05E006169FE /* GameViewController.swift in Sources */ = {isa = PBXBuildFile; fileRef = EFF11E24274EC05E006169FE /* GameViewController.swift */; };
		EFF11E27274ED4E6006169FE /* ScoreViewController.swift in Sources */ = {isa = PBXBuildFile; fileRef = EFF11E26274ED4E6006169FE /* ScoreViewController.swift */; };
		EFF11E29274F53CE006169FE /* AnimateViewController.swift in Sources */ = {isa = PBXBuildFile; fileRef = EFF11E28274F53CE006169FE /* AnimateViewController.swift */; };
		EFF11E2B274F74E9006169FE /* Assets.xcassets in Resources */ = {isa = PBXBuildFile; fileRef = EFF11E2A274F74E8006169FE /* Assets.xcassets */; };
/* End PBXBuildFile section */

/* Begin PBXContainerItemProxy section */
		EFF11E04274E9C6A006169FE /* PBXContainerItemProxy */ = {
			isa = PBXContainerItemProxy;
			containerPortal = EFF11DE5274E9C69006169FE /* Project object */;
			proxyType = 1;
			remoteGlobalIDString = EFF11DEC274E9C69006169FE;
			remoteInfo = Dubloon;
		};
		EFF11E0E274E9C6A006169FE /* PBXContainerItemProxy */ = {
			isa = PBXContainerItemProxy;
			containerPortal = EFF11DE5274E9C69006169FE /* Project object */;
			proxyType = 1;
			remoteGlobalIDString = EFF11DEC274E9C69006169FE;
			remoteInfo = Dubloon;
		};
/* End PBXContainerItemProxy section */

/* Begin PBXFileReference section */
		7C704A6D27547404008F9368 /* PlaySound.swift */ = {isa = PBXFileReference; lastKnownFileType = sourcecode.swift; path = PlaySound.swift; sourceTree = "<group>"; };
		7C704A7527547737008F9368 /* MusicHelper.swift */ = {isa = PBXFileReference; fileEncoding = 4; lastKnownFileType = sourcecode.swift; path = MusicHelper.swift; sourceTree = "<group>"; };
		A6805209275170C8007E94B8 /* RulesViewController.swift */ = {isa = PBXFileReference; lastKnownFileType = sourcecode.swift; path = RulesViewController.swift; sourceTree = "<group>"; };
		A680520B27518600007E94B8 /* SettingsViewController.swift */ = {isa = PBXFileReference; lastKnownFileType = sourcecode.swift; path = SettingsViewController.swift; sourceTree = "<group>"; };
		A680520F27573EB6007E94B8 /* waves.mp3 */ = {isa = PBXFileReference; lastKnownFileType = audio.mp3; path = waves.mp3; sourceTree = "<group>"; };
		A680521127573EBC007E94B8 /* Shake.wav */ = {isa = PBXFileReference; lastKnownFileType = audio.wav; path = Shake.wav; sourceTree = "<group>"; };
		A680521327573ECB007E94B8 /* Loot.mp3 */ = {isa = PBXFileReference; lastKnownFileType = audio.mp3; path = Loot.mp3; sourceTree = "<group>"; };
		EF5E32AA2755DEBF0072ABAB /* click.wav */ = {isa = PBXFileReference; lastKnownFileType = audio.wav; path = click.wav; sourceTree = "<group>"; };
		EF5E32AD2755DEBF0072ABAB /* pirateJig1.mp3 */ = {isa = PBXFileReference; lastKnownFileType = audio.mp3; path = pirateJig1.mp3; sourceTree = "<group>"; };
		EFF11DED274E9C69006169FE /* Dubloon.app */ = {isa = PBXFileReference; explicitFileType = wrapper.application; includeInIndex = 0; path = Dubloon.app; sourceTree = BUILT_PRODUCTS_DIR; };
		EFF11DF0274E9C69006169FE /* AppDelegate.swift */ = {isa = PBXFileReference; lastKnownFileType = sourcecode.swift; path = AppDelegate.swift; sourceTree = "<group>"; };
		EFF11DF2274E9C69006169FE /* SceneDelegate.swift */ = {isa = PBXFileReference; lastKnownFileType = sourcecode.swift; path = SceneDelegate.swift; sourceTree = "<group>"; };
		EFF11DF4274E9C69006169FE /* ViewController.swift */ = {isa = PBXFileReference; lastKnownFileType = sourcecode.swift; path = ViewController.swift; sourceTree = "<group>"; };
		EFF11DF7274E9C69006169FE /* Base */ = {isa = PBXFileReference; lastKnownFileType = file.storyboard; name = Base; path = Base.lproj/Main.storyboard; sourceTree = "<group>"; };
		EFF11DFC274E9C6A006169FE /* Base */ = {isa = PBXFileReference; lastKnownFileType = file.storyboard; name = Base; path = Base.lproj/LaunchScreen.storyboard; sourceTree = "<group>"; };
		EFF11DFE274E9C6A006169FE /* Info.plist */ = {isa = PBXFileReference; lastKnownFileType = text.plist.xml; path = Info.plist; sourceTree = "<group>"; };
		EFF11E03274E9C6A006169FE /* DubloonTests.xctest */ = {isa = PBXFileReference; explicitFileType = wrapper.cfbundle; includeInIndex = 0; path = DubloonTests.xctest; sourceTree = BUILT_PRODUCTS_DIR; };
		EFF11E07274E9C6A006169FE /* DubloonTests.swift */ = {isa = PBXFileReference; lastKnownFileType = sourcecode.swift; path = DubloonTests.swift; sourceTree = "<group>"; };
		EFF11E0D274E9C6A006169FE /* DubloonUITests.xctest */ = {isa = PBXFileReference; explicitFileType = wrapper.cfbundle; includeInIndex = 0; path = DubloonUITests.xctest; sourceTree = BUILT_PRODUCTS_DIR; };
		EFF11E11274E9C6A006169FE /* DubloonUITests.swift */ = {isa = PBXFileReference; lastKnownFileType = sourcecode.swift; path = DubloonUITests.swift; sourceTree = "<group>"; };
		EFF11E13274E9C6A006169FE /* DubloonUITestsLaunchTests.swift */ = {isa = PBXFileReference; lastKnownFileType = sourcecode.swift; path = DubloonUITestsLaunchTests.swift; sourceTree = "<group>"; };
		EFF11E20274EB711006169FE /* OppSelectViewController.swift */ = {isa = PBXFileReference; lastKnownFileType = sourcecode.swift; path = OppSelectViewController.swift; sourceTree = "<group>"; };
		EFF11E24274EC05E006169FE /* GameViewController.swift */ = {isa = PBXFileReference; lastKnownFileType = sourcecode.swift; path = GameViewController.swift; sourceTree = "<group>"; };
		EFF11E26274ED4E6006169FE /* ScoreViewController.swift */ = {isa = PBXFileReference; lastKnownFileType = sourcecode.swift; path = ScoreViewController.swift; sourceTree = "<group>"; };
		EFF11E28274F53CE006169FE /* AnimateViewController.swift */ = {isa = PBXFileReference; lastKnownFileType = sourcecode.swift; path = AnimateViewController.swift; sourceTree = "<group>"; };
		EFF11E2A274F74E8006169FE /* Assets.xcassets */ = {isa = PBXFileReference; lastKnownFileType = folder.assetcatalog; path = Assets.xcassets; sourceTree = "<group>"; };
/* End PBXFileReference section */

/* Begin PBXFrameworksBuildPhase section */
		EFF11DEA274E9C69006169FE /* Frameworks */ = {
			isa = PBXFrameworksBuildPhase;
			buildActionMask = 2147483647;
			files = (
			);
			runOnlyForDeploymentPostprocessing = 0;
		};
		EFF11E00274E9C6A006169FE /* Frameworks */ = {
			isa = PBXFrameworksBuildPhase;
			buildActionMask = 2147483647;
			files = (
			);
			runOnlyForDeploymentPostprocessing = 0;
		};
		EFF11E0A274E9C6A006169FE /* Frameworks */ = {
			isa = PBXFrameworksBuildPhase;
			buildActionMask = 2147483647;
			files = (
			);
			runOnlyForDeploymentPostprocessing = 0;
		};
/* End PBXFrameworksBuildPhase section */

/* Begin PBXGroup section */
		EFF11DE4274E9C69006169FE = {
			isa = PBXGroup;
			children = (
				EF5E32AA2755DEBF0072ABAB /* click.wav */,
				A680520F27573EB6007E94B8 /* waves.mp3 */,
				EF5E32AD2755DEBF0072ABAB /* pirateJig1.mp3 */,
				A680521327573ECB007E94B8 /* Loot.mp3 */,
				A680521127573EBC007E94B8 /* Shake.wav */,
				EFF11DEF274E9C69006169FE /* Dubloon */,
				EFF11E06274E9C6A006169FE /* DubloonTests */,
				EFF11E10274E9C6A006169FE /* DubloonUITests */,
				EFF11DEE274E9C69006169FE /* Products */,
			);
			sourceTree = "<group>";
		};
		EFF11DEE274E9C69006169FE /* Products */ = {
			isa = PBXGroup;
			children = (
				EFF11DED274E9C69006169FE /* Dubloon.app */,
				EFF11E03274E9C6A006169FE /* DubloonTests.xctest */,
				EFF11E0D274E9C6A006169FE /* DubloonUITests.xctest */,
			);
			name = Products;
			sourceTree = "<group>";
		};
		EFF11DEF274E9C69006169FE /* Dubloon */ = {
			isa = PBXGroup;
			children = (
				EFF11DF0274E9C69006169FE /* AppDelegate.swift */,
				EFF11DF2274E9C69006169FE /* SceneDelegate.swift */,
				EFF11DF4274E9C69006169FE /* ViewController.swift */,
				A680520B27518600007E94B8 /* SettingsViewController.swift */,
				EFF11DF6274E9C69006169FE /* Main.storyboard */,
				EFF11E28274F53CE006169FE /* AnimateViewController.swift */,
				EFF11E2A274F74E8006169FE /* Assets.xcassets */,
				EFF11E26274ED4E6006169FE /* ScoreViewController.swift */,
				A6805209275170C8007E94B8 /* RulesViewController.swift */,
				EFF11E24274EC05E006169FE /* GameViewController.swift */,
				EFF11E20274EB711006169FE /* OppSelectViewController.swift */,
				EFF11DFB274E9C6A006169FE /* LaunchScreen.storyboard */,
				EFF11DFE274E9C6A006169FE /* Info.plist */,
				7C704A7527547737008F9368 /* MusicHelper.swift */,
				7C704A6D27547404008F9368 /* PlaySound.swift */,
			);
			path = Dubloon;
			sourceTree = "<group>";
		};
		EFF11E06274E9C6A006169FE /* DubloonTests */ = {
			isa = PBXGroup;
			children = (
				EFF11E07274E9C6A006169FE /* DubloonTests.swift */,
			);
			path = DubloonTests;
			sourceTree = "<group>";
		};
		EFF11E10274E9C6A006169FE /* DubloonUITests */ = {
			isa = PBXGroup;
			children = (
				EFF11E11274E9C6A006169FE /* DubloonUITests.swift */,
				EFF11E13274E9C6A006169FE /* DubloonUITestsLaunchTests.swift */,
			);
			path = DubloonUITests;
			sourceTree = "<group>";
		};
/* End PBXGroup section */

/* Begin PBXNativeTarget section */
		EFF11DEC274E9C69006169FE /* Dubloon */ = {
			isa = PBXNativeTarget;
			buildConfigurationList = EFF11E17274E9C6A006169FE /* Build configuration list for PBXNativeTarget "Dubloon" */;
			buildPhases = (
				EFF11DE9274E9C69006169FE /* Sources */,
				EFF11DEA274E9C69006169FE /* Frameworks */,
				EFF11DEB274E9C69006169FE /* Resources */,
			);
			buildRules = (
			);
			dependencies = (
			);
			name = Dubloon;
			productName = Dubloon;
			productReference = EFF11DED274E9C69006169FE /* Dubloon.app */;
			productType = "com.apple.product-type.application";
		};
		EFF11E02274E9C6A006169FE /* DubloonTests */ = {
			isa = PBXNativeTarget;
			buildConfigurationList = EFF11E1A274E9C6A006169FE /* Build configuration list for PBXNativeTarget "DubloonTests" */;
			buildPhases = (
				EFF11DFF274E9C6A006169FE /* Sources */,
				EFF11E00274E9C6A006169FE /* Frameworks */,
				EFF11E01274E9C6A006169FE /* Resources */,
			);
			buildRules = (
			);
			dependencies = (
				EFF11E05274E9C6A006169FE /* PBXTargetDependency */,
			);
			name = DubloonTests;
			productName = DubloonTests;
			productReference = EFF11E03274E9C6A006169FE /* DubloonTests.xctest */;
			productType = "com.apple.product-type.bundle.unit-test";
		};
		EFF11E0C274E9C6A006169FE /* DubloonUITests */ = {
			isa = PBXNativeTarget;
			buildConfigurationList = EFF11E1D274E9C6A006169FE /* Build configuration list for PBXNativeTarget "DubloonUITests" */;
			buildPhases = (
				EFF11E09274E9C6A006169FE /* Sources */,
				EFF11E0A274E9C6A006169FE /* Frameworks */,
				EFF11E0B274E9C6A006169FE /* Resources */,
			);
			buildRules = (
			);
			dependencies = (
				EFF11E0F274E9C6A006169FE /* PBXTargetDependency */,
			);
			name = DubloonUITests;
			productName = DubloonUITests;
			productReference = EFF11E0D274E9C6A006169FE /* DubloonUITests.xctest */;
			productType = "com.apple.product-type.bundle.ui-testing";
		};
/* End PBXNativeTarget section */

/* Begin PBXProject section */
		EFF11DE5274E9C69006169FE /* Project object */ = {
			isa = PBXProject;
			attributes = {
				BuildIndependentTargetsInParallel = 1;
				LastSwiftUpdateCheck = 1310;
				LastUpgradeCheck = 1310;
				TargetAttributes = {
					EFF11DEC274E9C69006169FE = {
						CreatedOnToolsVersion = 13.1;
					};
					EFF11E02274E9C6A006169FE = {
						CreatedOnToolsVersion = 13.1;
						TestTargetID = EFF11DEC274E9C69006169FE;
					};
					EFF11E0C274E9C6A006169FE = {
						CreatedOnToolsVersion = 13.1;
						TestTargetID = EFF11DEC274E9C69006169FE;
					};
				};
			};
			buildConfigurationList = EFF11DE8274E9C69006169FE /* Build configuration list for PBXProject "Dubloon" */;
			compatibilityVersion = "Xcode 13.0";
			developmentRegion = en;
			hasScannedForEncodings = 0;
			knownRegions = (
				en,
				Base,
			);
			mainGroup = EFF11DE4274E9C69006169FE;
			productRefGroup = EFF11DEE274E9C69006169FE /* Products */;
			projectDirPath = "";
			projectRoot = "";
			targets = (
				EFF11DEC274E9C69006169FE /* Dubloon */,
				EFF11E02274E9C6A006169FE /* DubloonTests */,
				EFF11E0C274E9C6A006169FE /* DubloonUITests */,
			);
		};
/* End PBXProject section */

/* Begin PBXResourcesBuildPhase section */
		EFF11DEB274E9C69006169FE /* Resources */ = {
			isa = PBXResourcesBuildPhase;
			buildActionMask = 2147483647;
			files = (
				A680521427573ECB007E94B8 /* Loot.mp3 in Resources */,
				EF5E32B32755DEBF0072ABAB /* pirateJig1.mp3 in Resources */,
				A680521227573EBC007E94B8 /* Shake.wav in Resources */,
				EF5E32B02755DEBF0072ABAB /* click.wav in Resources */,
				EFF11DFD274E9C6A006169FE /* LaunchScreen.storyboard in Resources */,
				A680521027573EB6007E94B8 /* waves.mp3 in Resources */,
				EFF11E2B274F74E9006169FE /* Assets.xcassets in Resources */,
				EFF11DF8274E9C69006169FE /* Main.storyboard in Resources */,
			);
			runOnlyForDeploymentPostprocessing = 0;
		};
		EFF11E01274E9C6A006169FE /* Resources */ = {
			isa = PBXResourcesBuildPhase;
			buildActionMask = 2147483647;
			files = (
			);
			runOnlyForDeploymentPostprocessing = 0;
		};
		EFF11E0B274E9C6A006169FE /* Resources */ = {
			isa = PBXResourcesBuildPhase;
			buildActionMask = 2147483647;
			files = (
			);
			runOnlyForDeploymentPostprocessing = 0;
		};
/* End PBXResourcesBuildPhase section */

/* Begin PBXSourcesBuildPhase section */
		EFF11DE9274E9C69006169FE /* Sources */ = {
			isa = PBXSourcesBuildPhase;
			buildActionMask = 2147483647;
			files = (
				EFF11E25274EC05E006169FE /* GameViewController.swift in Sources */,
				EFF11DF5274E9C69006169FE /* ViewController.swift in Sources */,
				EFF11E29274F53CE006169FE /* AnimateViewController.swift in Sources */,
				EFF11DF1274E9C69006169FE /* AppDelegate.swift in Sources */,
				EFF11E21274EB711006169FE /* OppSelectViewController.swift in Sources */,
				7C704A6E27547404008F9368 /* PlaySound.swift in Sources */,
				EFF11DF3274E9C69006169FE /* SceneDelegate.swift in Sources */,
				A680520A275170C8007E94B8 /* RulesViewController.swift in Sources */,
				EFF11E27274ED4E6006169FE /* ScoreViewController.swift in Sources */,
				7C704A7627547737008F9368 /* MusicHelper.swift in Sources */,
				A680520C27518600007E94B8 /* SettingsViewController.swift in Sources */,
			);
			runOnlyForDeploymentPostprocessing = 0;
		};
		EFF11DFF274E9C6A006169FE /* Sources */ = {
			isa = PBXSourcesBuildPhase;
			buildActionMask = 2147483647;
			files = (
				EFF11E08274E9C6A006169FE /* DubloonTests.swift in Sources */,
			);
			runOnlyForDeploymentPostprocessing = 0;
		};
		EFF11E09274E9C6A006169FE /* Sources */ = {
			isa = PBXSourcesBuildPhase;
			buildActionMask = 2147483647;
			files = (
				EFF11E14274E9C6A006169FE /* DubloonUITestsLaunchTests.swift in Sources */,
				EFF11E12274E9C6A006169FE /* DubloonUITests.swift in Sources */,
			);
			runOnlyForDeploymentPostprocessing = 0;
		};
/* End PBXSourcesBuildPhase section */

/* Begin PBXTargetDependency section */
		EFF11E05274E9C6A006169FE /* PBXTargetDependency */ = {
			isa = PBXTargetDependency;
			target = EFF11DEC274E9C69006169FE /* Dubloon */;
			targetProxy = EFF11E04274E9C6A006169FE /* PBXContainerItemProxy */;
		};
		EFF11E0F274E9C6A006169FE /* PBXTargetDependency */ = {
			isa = PBXTargetDependency;
			target = EFF11DEC274E9C69006169FE /* Dubloon */;
			targetProxy = EFF11E0E274E9C6A006169FE /* PBXContainerItemProxy */;
		};
/* End PBXTargetDependency section */

/* Begin PBXVariantGroup section */
		EFF11DF6274E9C69006169FE /* Main.storyboard */ = {
			isa = PBXVariantGroup;
			children = (
				EFF11DF7274E9C69006169FE /* Base */,
			);
			name = Main.storyboard;
			sourceTree = "<group>";
		};
		EFF11DFB274E9C6A006169FE /* LaunchScreen.storyboard */ = {
			isa = PBXVariantGroup;
			children = (
				EFF11DFC274E9C6A006169FE /* Base */,
			);
			name = LaunchScreen.storyboard;
			sourceTree = "<group>";
		};
/* End PBXVariantGroup section */

/* Begin XCBuildConfiguration section */
		EFF11E15274E9C6A006169FE /* Debug */ = {
			isa = XCBuildConfiguration;
			buildSettings = {
				ALWAYS_SEARCH_USER_PATHS = NO;
				CLANG_ANALYZER_NONNULL = YES;
				CLANG_ANALYZER_NUMBER_OBJECT_CONVERSION = YES_AGGRESSIVE;
				CLANG_CXX_LANGUAGE_STANDARD = "gnu++17";
				CLANG_CXX_LIBRARY = "libc++";
				CLANG_ENABLE_MODULES = YES;
				CLANG_ENABLE_OBJC_ARC = YES;
				CLANG_ENABLE_OBJC_WEAK = YES;
				CLANG_WARN_BLOCK_CAPTURE_AUTORELEASING = YES;
				CLANG_WARN_BOOL_CONVERSION = YES;
				CLANG_WARN_COMMA = YES;
				CLANG_WARN_CONSTANT_CONVERSION = YES;
				CLANG_WARN_DEPRECATED_OBJC_IMPLEMENTATIONS = YES;
				CLANG_WARN_DIRECT_OBJC_ISA_USAGE = YES_ERROR;
				CLANG_WARN_DOCUMENTATION_COMMENTS = YES;
				CLANG_WARN_EMPTY_BODY = YES;
				CLANG_WARN_ENUM_CONVERSION = YES;
				CLANG_WARN_INFINITE_RECURSION = YES;
				CLANG_WARN_INT_CONVERSION = YES;
				CLANG_WARN_NON_LITERAL_NULL_CONVERSION = YES;
				CLANG_WARN_OBJC_IMPLICIT_RETAIN_SELF = YES;
				CLANG_WARN_OBJC_LITERAL_CONVERSION = YES;
				CLANG_WARN_OBJC_ROOT_CLASS = YES_ERROR;
				CLANG_WARN_QUOTED_INCLUDE_IN_FRAMEWORK_HEADER = YES;
				CLANG_WARN_RANGE_LOOP_ANALYSIS = YES;
				CLANG_WARN_STRICT_PROTOTYPES = YES;
				CLANG_WARN_SUSPICIOUS_MOVE = YES;
				CLANG_WARN_UNGUARDED_AVAILABILITY = YES_AGGRESSIVE;
				CLANG_WARN_UNREACHABLE_CODE = YES;
				CLANG_WARN__DUPLICATE_METHOD_MATCH = YES;
				COPY_PHASE_STRIP = NO;
				DEBUG_INFORMATION_FORMAT = dwarf;
				ENABLE_STRICT_OBJC_MSGSEND = YES;
				ENABLE_TESTABILITY = YES;
				GCC_C_LANGUAGE_STANDARD = gnu11;
				GCC_DYNAMIC_NO_PIC = NO;
				GCC_NO_COMMON_BLOCKS = YES;
				GCC_OPTIMIZATION_LEVEL = 0;
				GCC_PREPROCESSOR_DEFINITIONS = (
					"DEBUG=1",
					"$(inherited)",
				);
				GCC_WARN_64_TO_32_BIT_CONVERSION = YES;
				GCC_WARN_ABOUT_RETURN_TYPE = YES_ERROR;
				GCC_WARN_UNDECLARED_SELECTOR = YES;
				GCC_WARN_UNINITIALIZED_AUTOS = YES_AGGRESSIVE;
				GCC_WARN_UNUSED_FUNCTION = YES;
				GCC_WARN_UNUSED_VARIABLE = YES;
				IPHONEOS_DEPLOYMENT_TARGET = 15.0;
				MTL_ENABLE_DEBUG_INFO = INCLUDE_SOURCE;
				MTL_FAST_MATH = YES;
				ONLY_ACTIVE_ARCH = YES;
				SDKROOT = iphoneos;
				SWIFT_ACTIVE_COMPILATION_CONDITIONS = DEBUG;
				SWIFT_OPTIMIZATION_LEVEL = "-Onone";
			};
			name = Debug;
		};
		EFF11E16274E9C6A006169FE /* Release */ = {
			isa = XCBuildConfiguration;
			buildSettings = {
				ALWAYS_SEARCH_USER_PATHS = NO;
				CLANG_ANALYZER_NONNULL = YES;
				CLANG_ANALYZER_NUMBER_OBJECT_CONVERSION = YES_AGGRESSIVE;
				CLANG_CXX_LANGUAGE_STANDARD = "gnu++17";
				CLANG_CXX_LIBRARY = "libc++";
				CLANG_ENABLE_MODULES = YES;
				CLANG_ENABLE_OBJC_ARC = YES;
				CLANG_ENABLE_OBJC_WEAK = YES;
				CLANG_WARN_BLOCK_CAPTURE_AUTORELEASING = YES;
				CLANG_WARN_BOOL_CONVERSION = YES;
				CLANG_WARN_COMMA = YES;
				CLANG_WARN_CONSTANT_CONVERSION = YES;
				CLANG_WARN_DEPRECATED_OBJC_IMPLEMENTATIONS = YES;
				CLANG_WARN_DIRECT_OBJC_ISA_USAGE = YES_ERROR;
				CLANG_WARN_DOCUMENTATION_COMMENTS = YES;
				CLANG_WARN_EMPTY_BODY = YES;
				CLANG_WARN_ENUM_CONVERSION = YES;
				CLANG_WARN_INFINITE_RECURSION = YES;
				CLANG_WARN_INT_CONVERSION = YES;
				CLANG_WARN_NON_LITERAL_NULL_CONVERSION = YES;
				CLANG_WARN_OBJC_IMPLICIT_RETAIN_SELF = YES;
				CLANG_WARN_OBJC_LITERAL_CONVERSION = YES;
				CLANG_WARN_OBJC_ROOT_CLASS = YES_ERROR;
				CLANG_WARN_QUOTED_INCLUDE_IN_FRAMEWORK_HEADER = YES;
				CLANG_WARN_RANGE_LOOP_ANALYSIS = YES;
				CLANG_WARN_STRICT_PROTOTYPES = YES;
				CLANG_WARN_SUSPICIOUS_MOVE = YES;
				CLANG_WARN_UNGUARDED_AVAILABILITY = YES_AGGRESSIVE;
				CLANG_WARN_UNREACHABLE_CODE = YES;
				CLANG_WARN__DUPLICATE_METHOD_MATCH = YES;
				COPY_PHASE_STRIP = NO;
				DEBUG_INFORMATION_FORMAT = "dwarf-with-dsym";
				ENABLE_NS_ASSERTIONS = NO;
				ENABLE_STRICT_OBJC_MSGSEND = YES;
				GCC_C_LANGUAGE_STANDARD = gnu11;
				GCC_NO_COMMON_BLOCKS = YES;
				GCC_WARN_64_TO_32_BIT_CONVERSION = YES;
				GCC_WARN_ABOUT_RETURN_TYPE = YES_ERROR;
				GCC_WARN_UNDECLARED_SELECTOR = YES;
				GCC_WARN_UNINITIALIZED_AUTOS = YES_AGGRESSIVE;
				GCC_WARN_UNUSED_FUNCTION = YES;
				GCC_WARN_UNUSED_VARIABLE = YES;
				IPHONEOS_DEPLOYMENT_TARGET = 15.0;
				MTL_ENABLE_DEBUG_INFO = NO;
				MTL_FAST_MATH = YES;
				SDKROOT = iphoneos;
				SWIFT_COMPILATION_MODE = wholemodule;
				SWIFT_OPTIMIZATION_LEVEL = "-O";
				VALIDATE_PRODUCT = YES;
			};
			name = Release;
		};
		EFF11E18274E9C6A006169FE /* Debug */ = {
			isa = XCBuildConfiguration;
			buildSettings = {
				ASSETCATALOG_COMPILER_APPICON_NAME = AppIcon;
				ASSETCATALOG_COMPILER_GLOBAL_ACCENT_COLOR_NAME = AccentColor;
				ASSETCATALOG_COMPILER_INCLUDE_ALL_APPICON_ASSETS = YES;
				CODE_SIGN_STYLE = Automatic;
				CURRENT_PROJECT_VERSION = 1;
				DEVELOPMENT_TEAM = FQ7XLMCQ6L;
				GENERATE_INFOPLIST_FILE = YES;
				INFOPLIST_FILE = Dubloon/Info.plist;
				INFOPLIST_KEY_UIApplicationSupportsIndirectInputEvents = YES;
				INFOPLIST_KEY_UILaunchStoryboardName = LaunchScreen;
				INFOPLIST_KEY_UIMainStoryboardFile = Main;
				INFOPLIST_KEY_UISupportedInterfaceOrientations = UIInterfaceOrientationPortrait;
				INFOPLIST_KEY_UISupportedInterfaceOrientations_iPad = "UIInterfaceOrientationPortrait UIInterfaceOrientationPortraitUpsideDown";
				INFOPLIST_KEY_UISupportedInterfaceOrientations_iPhone = UIInterfaceOrientationPortrait;
				LD_RUNPATH_SEARCH_PATHS = (
					"$(inherited)",
					"@executable_path/Frameworks",
				);
				MARKETING_VERSION = 1.0;
				PRODUCT_BUNDLE_IDENTIFIER = tyleraguilar.Dubloon;
				PRODUCT_NAME = "$(TARGET_NAME)";
				SWIFT_EMIT_LOC_STRINGS = YES;
				SWIFT_VERSION = 5.0;
				TARGETED_DEVICE_FAMILY = 1;
			};
			name = Debug;
		};
		EFF11E19274E9C6A006169FE /* Release */ = {
			isa = XCBuildConfiguration;
			buildSettings = {
				ASSETCATALOG_COMPILER_APPICON_NAME = AppIcon;
				ASSETCATALOG_COMPILER_GLOBAL_ACCENT_COLOR_NAME = AccentColor;
				ASSETCATALOG_COMPILER_INCLUDE_ALL_APPICON_ASSETS = YES;
				CODE_SIGN_STYLE = Automatic;
				CURRENT_PROJECT_VERSION = 1;
				DEVELOPMENT_TEAM = FQ7XLMCQ6L;
				GENERATE_INFOPLIST_FILE = YES;
				INFOPLIST_FILE = Dubloon/Info.plist;
				INFOPLIST_KEY_UIApplicationSupportsIndirectInputEvents = YES;
				INFOPLIST_KEY_UILaunchStoryboardName = LaunchScreen;
				INFOPLIST_KEY_UIMainStoryboardFile = Main;
				INFOPLIST_KEY_UISupportedInterfaceOrientations = UIInterfaceOrientationPortrait;
				INFOPLIST_KEY_UISupportedInterfaceOrientations_iPad = "UIInterfaceOrientationPortrait UIInterfaceOrientationPortraitUpsideDown";
				INFOPLIST_KEY_UISupportedInterfaceOrientations_iPhone = UIInterfaceOrientationPortrait;
				LD_RUNPATH_SEARCH_PATHS = (
					"$(inherited)",
					"@executable_path/Frameworks",
				);
				MARKETING_VERSION = 1.0;
				PRODUCT_BUNDLE_IDENTIFIER = tyleraguilar.Dubloon;
				PRODUCT_NAME = "$(TARGET_NAME)";
				SWIFT_EMIT_LOC_STRINGS = YES;
				SWIFT_VERSION = 5.0;
				TARGETED_DEVICE_FAMILY = 1;
			};
			name = Release;
		};
		EFF11E1B274E9C6A006169FE /* Debug */ = {
			isa = XCBuildConfiguration;
			buildSettings = {
				ALWAYS_EMBED_SWIFT_STANDARD_LIBRARIES = YES;
				BUNDLE_LOADER = "$(TEST_HOST)";
				CODE_SIGN_STYLE = Automatic;
				CURRENT_PROJECT_VERSION = 1;
				DEVELOPMENT_TEAM = FQ7XLMCQ6L;
				GENERATE_INFOPLIST_FILE = YES;
				IPHONEOS_DEPLOYMENT_TARGET = 15.0;
				LD_RUNPATH_SEARCH_PATHS = (
					"$(inherited)",
					"@executable_path/Frameworks",
					"@loader_path/Frameworks",
				);
				MARKETING_VERSION = 1.0;
				PRODUCT_BUNDLE_IDENTIFIER = tyleraguilar.DubloonTests;
				PRODUCT_NAME = "$(TARGET_NAME)";
				SWIFT_EMIT_LOC_STRINGS = NO;
				SWIFT_VERSION = 5.0;
				TARGETED_DEVICE_FAMILY = "1,2";
				TEST_HOST = "$(BUILT_PRODUCTS_DIR)/Dubloon.app/Dubloon";
			};
			name = Debug;
		};
		EFF11E1C274E9C6A006169FE /* Release */ = {
			isa = XCBuildConfiguration;
			buildSettings = {
				ALWAYS_EMBED_SWIFT_STANDARD_LIBRARIES = YES;
				BUNDLE_LOADER = "$(TEST_HOST)";
				CODE_SIGN_STYLE = Automatic;
				CURRENT_PROJECT_VERSION = 1;
				DEVELOPMENT_TEAM = FQ7XLMCQ6L;
				GENERATE_INFOPLIST_FILE = YES;
				IPHONEOS_DEPLOYMENT_TARGET = 15.0;
				LD_RUNPATH_SEARCH_PATHS = (
					"$(inherited)",
					"@executable_path/Frameworks",
					"@loader_path/Frameworks",
				);
				MARKETING_VERSION = 1.0;
				PRODUCT_BUNDLE_IDENTIFIER = tyleraguilar.DubloonTests;
				PRODUCT_NAME = "$(TARGET_NAME)";
				SWIFT_EMIT_LOC_STRINGS = NO;
				SWIFT_VERSION = 5.0;
				TARGETED_DEVICE_FAMILY = "1,2";
				TEST_HOST = "$(BUILT_PRODUCTS_DIR)/Dubloon.app/Dubloon";
			};
			name = Release;
		};
		EFF11E1E274E9C6A006169FE /* Debug */ = {
			isa = XCBuildConfiguration;
			buildSettings = {
				ALWAYS_EMBED_SWIFT_STANDARD_LIBRARIES = YES;
				CODE_SIGN_STYLE = Automatic;
				CURRENT_PROJECT_VERSION = 1;
				DEVELOPMENT_TEAM = FQ7XLMCQ6L;
				GENERATE_INFOPLIST_FILE = YES;
				LD_RUNPATH_SEARCH_PATHS = (
					"$(inherited)",
					"@executable_path/Frameworks",
					"@loader_path/Frameworks",
				);
				MARKETING_VERSION = 1.0;
				PRODUCT_BUNDLE_IDENTIFIER = tyleraguilar.DubloonUITests;
				PRODUCT_NAME = "$(TARGET_NAME)";
				SWIFT_EMIT_LOC_STRINGS = NO;
				SWIFT_VERSION = 5.0;
				TARGETED_DEVICE_FAMILY = "1,2";
				TEST_TARGET_NAME = Dubloon;
			};
			name = Debug;
		};
		EFF11E1F274E9C6A006169FE /* Release */ = {
			isa = XCBuildConfiguration;
			buildSettings = {
				ALWAYS_EMBED_SWIFT_STANDARD_LIBRARIES = YES;
				CODE_SIGN_STYLE = Automatic;
				CURRENT_PROJECT_VERSION = 1;
				DEVELOPMENT_TEAM = FQ7XLMCQ6L;
				GENERATE_INFOPLIST_FILE = YES;
				LD_RUNPATH_SEARCH_PATHS = (
					"$(inherited)",
					"@executable_path/Frameworks",
					"@loader_path/Frameworks",
				);
				MARKETING_VERSION = 1.0;
				PRODUCT_BUNDLE_IDENTIFIER = tyleraguilar.DubloonUITests;
				PRODUCT_NAME = "$(TARGET_NAME)";
				SWIFT_EMIT_LOC_STRINGS = NO;
				SWIFT_VERSION = 5.0;
				TARGETED_DEVICE_FAMILY = "1,2";
				TEST_TARGET_NAME = Dubloon;
			};
			name = Release;
		};
/* End XCBuildConfiguration section */

/* Begin XCConfigurationList section */
		EFF11DE8274E9C69006169FE /* Build configuration list for PBXProject "Dubloon" */ = {
			isa = XCConfigurationList;
			buildConfigurations = (
				EFF11E15274E9C6A006169FE /* Debug */,
				EFF11E16274E9C6A006169FE /* Release */,
			);
			defaultConfigurationIsVisible = 0;
			defaultConfigurationName = Release;
		};
		EFF11E17274E9C6A006169FE /* Build configuration list for PBXNativeTarget "Dubloon" */ = {
			isa = XCConfigurationList;
			buildConfigurations = (
				EFF11E18274E9C6A006169FE /* Debug */,
				EFF11E19274E9C6A006169FE /* Release */,
			);
			defaultConfigurationIsVisible = 0;
			defaultConfigurationName = Release;
		};
		EFF11E1A274E9C6A006169FE /* Build configuration list for PBXNativeTarget "DubloonTests" */ = {
			isa = XCConfigurationList;
			buildConfigurations = (
				EFF11E1B274E9C6A006169FE /* Debug */,
				EFF11E1C274E9C6A006169FE /* Release */,
			);
			defaultConfigurationIsVisible = 0;
			defaultConfigurationName = Release;
		};
		EFF11E1D274E9C6A006169FE /* Build configuration list for PBXNativeTarget "DubloonUITests" */ = {
			isa = XCConfigurationList;
			buildConfigurations = (
				EFF11E1E274E9C6A006169FE /* Debug */,
				EFF11E1F274E9C6A006169FE /* Release */,
			);
			defaultConfigurationIsVisible = 0;
			defaultConfigurationName = Release;
		};
/* End XCConfigurationList section */
	};
	rootObject = EFF11DE5274E9C69006169FE /* Project object */;
}
